{
  "name": "frida-fs",
  "version": "5.2.4",
  "lockfileVersion": 2,
  "requires": true,
  "packages": {
    "": {
      "name": "frida-fs",
      "version": "5.2.4",
      "license": "MIT",
      "devDependencies": {
        "@types/frida-gum": "^18.3.2",
        "@types/node": "^20.3.1",
        "typescript": "^5.1.3"
      }
    },
    "node_modules/@types/frida-gum": {
      "version": "18.3.2",
      "resolved": "https://registry.npmjs.org/@types/frida-gum/-/frida-gum-18.3.2.tgz",
      "integrity": "sha512-bso8bJRxrhchNRrOMmT18st/THIdjzxFdcMtJ/gGSYSknJeerQ8ArBwBtlWt/f3pqVVs1Mz1Fg6lvUdjXswa+g==",
      "dev": true
    },
    "node_modules/@types/node": {
      "version": "20.3.1",
      "resolved": "https://registry.npmjs.org/@types/node/-/node-20.3.1.tgz",
      "integrity": "sha512-EhcH/wvidPy1WeML3TtYFGR83UzjxeWRen9V402T8aUGYsCHOmfoisV3ZSg03gAFIbLq8TnWOJ0f4cALtnSEUg==",
      "dev": true
    },
    "node_modules/typescript": {
      "version": "5.1.3",
      "resolved": "https://registry.npmjs.org/typescript/-/typescript-5.1.3.tgz",
      "integrity": "sha512-XH627E9vkeqhlZFQuL+UsyAXEnibT0kWR2FWONlr4sTjvxyJYnyefgrkyECLzM5NenmKzRAy2rR/OlYLA1HkZw==",
      "dev": true,
      "bin": {
        "tsc": "bin/tsc",
        "tsserver": "bin/tsserver"
      },
      "engines": {
        "node": ">=14.17"
      }
    }
  },
  "dependencies": {
    "@types/frida-gum": {
      "version": "18.3.2",
      "resolved": "https://registry.npmjs.org/@types/frida-gum/-/frida-gum-18.3.2.tgz",
      "integrity": "sha512-bso8bJRxrhchNRrOMmT18st/THIdjzxFdcMtJ/gGSYSknJeerQ8ArBwBtlWt/f3pqVVs1Mz1Fg6lvUdjXswa+g==",
      "dev": true
    },
    "@types/node": {
      "version": "20.3.1",
      "resolved": "https://registry.npmjs.org/@types/node/-/node-20.3.1.tgz",
      "integrity": "sha512-EhcH/wvidPy1WeML3TtYFGR83UzjxeWRen9V402T8aUGYsCHOmfoisV3ZSg03gAFIbLq8TnWOJ0f4cALtnSEUg==",
      "dev": true
    },
    "typescript": {
      "version": "5.1.3",
      "resolved": "https://registry.npmjs.org/typescript/-/typescript-5.1.3.tgz",
      "integrity": "sha512-XH627E9vkeqhlZFQuL+UsyAXEnibT0kWR2FWONlr4sTjvxyJYnyefgrkyECLzM5NenmKzRAy2rR/OlYLA1HkZw==",
      "dev": true
    }
  }
}
