{
  "name": "frida-fs",
  "version": "7.0.0",
  "lockfileVersion": 3,
  "requires": true,
  "packages": {
    "": {
      "name": "frida-fs",
      "version": "7.0.0",
      "license": "MIT",
      "devDependencies": {
        "@types/frida-gum": "^19.0.0",
        "@types/node": "^18.15.3",
        "typescript": "^5.8.3"
      }
    },
    "node_modules/@types/frida-gum": {
      "version": "19.0.0",
      "resolved": "https://registry.npmjs.org/@types/frida-gum/-/frida-gum-19.0.0.tgz",
      "integrity": "sha512-qViK1KwvPEAkajwSUv0wpZvZLiX8xO4JFFCh8dfYZfzSyOEfoE0KliCP/nJSKIKG6N3hXnPowrvPufjs5fLKAA==",
      "dev": true,
      "license": "MIT"
    },
    "node_modules/@types/node": {
      "version": "18.19.101",
      "resolved": "https://registry.npmjs.org/@types/node/-/node-18.19.101.tgz",
      "integrity": "sha512-Ykg7fcE3+cOQlLUv2Ds3zil6DVjriGQaSN/kEpl5HQ3DIGM6W0F2n9+GkWV4bRt7KjLymgzNdTnSKCbFUUJ7Kw==",
      "dev": true,
      "license": "MIT",
      "dependencies": {
        "undici-types": "~5.26.4"
      }
    },
    "node_modules/typescript": {
      "version": "5.8.3",
      "resolved": "https://registry.npmjs.org/typescript/-/typescript-5.8.3.tgz",
      "integrity": "sha512-p1diW6TqL9L07nNxvRMM7hMMw4c5XOo/1ibL4aAIGmSAt9slTE1Xgw5KWuof2uTOvCg9BY7ZRi+GaF+7sfgPeQ==",
      "dev": true,
      "license": "Apache-2.0",
      "bin": {
        "tsc": "bin/tsc",
        "tsserver": "bin/tsserver"
      },
      "engines": {
        "node": ">=14.17"
      }
    },
    "node_modules/undici-types": {
      "version": "5.26.5",
      "resolved": "https://registry.npmjs.org/undici-types/-/undici-types-5.26.5.tgz",
      "integrity": "sha512-JlCMO+ehdEIKqlFxk6IfVoAUVmgz7cU7zD/h9XZ0qzeosSHmUJVOzSQvvYSYWXkFXC+IfLKSIffhv0sVZup6pA==",
      "dev": true,
      "license": "MIT"
    }
  }
}
